
Microsoft Visual Studio Solution File, Format Version 12.00
# Visual Studio Version 16
VisualStudioVersion = 16.0.810.23
MinimumVisualStudioVersion = 10.0.40219.1
Project("{FAE04EC0-301F-11D3-BF4B-00C04F79EFBC}") = "DiagnosticsProcessor", "DiagnosticsProcessor\DiagnosticsProcessor.csproj", "{5F486AF1-7028-47E6-A000-027A3EED8445}"
EndProject
Global
	GlobalSection(SolutionConfigurationPlatforms) = preSolution
		Debug|Any CPU = Debug|Any CPU
		Release|Any CPU = Release|Any CPU
	EndGlobalSection
	GlobalSection(ProjectConfigurationPlatforms) = postSolution
		{5F486AF1-7028-47E6-A000-027A3EED8445}.Debug|Any CPU.ActiveCfg = Debug|Any CPU
		{5F486AF1-7028-47E6-A000-027A3EED8445}.Debug|Any CPU.Build.0 = Debug|Any CPU
		{5F486AF1-7028-47E6-A000-027A3EED8445}.Release|Any CPU.ActiveCfg = Release|Any CPU
		{5F486AF1-7028-47E6-A000-027A3EED8445}.Release|Any CPU.Build.0 = Release|Any CPU
	EndGlobalSection
	GlobalSection(SolutionProperties) = preSolution
		HideSolutionNode = FALSE
	EndGlobalSection
	GlobalSection(ExtensibilityGlobals) = postSolution
		SolutionGuid = {B627C807-BAAE-4CAC-AF67-ACF633DDDEEF}
	EndGlobalSection
EndGlobal
