
Microsoft Visual Studio Solution File, Format Version 12.00
# Visual Studio Version 16
VisualStudioVersion = 16.0.810.23
MinimumVisualStudioVersion = 10.0.40219.1
Project("{FAE04EC0-301F-11D3-BF4B-00C04F79EFBC}") = "InputProcessor", "InputProcessor\InputProcessor.csproj", "{6F07C12C-6046-4673-9734-A230081D496C}"
EndProject
Global
	GlobalSection(SolutionConfigurationPlatforms) = preSolution
		Debug|Any CPU = Debug|Any CPU
		Release|Any CPU = Release|Any CPU
	EndGlobalSection
	GlobalSection(ProjectConfigurationPlatforms) = postSolution
		{6F07C12C-6046-4673-9734-A230081D496C}.Debug|Any CPU.ActiveCfg = Debug|Any CPU
		{6F07C12C-6046-4673-9734-A230081D496C}.Debug|Any CPU.Build.0 = Debug|Any CPU
		{6F07C12C-6046-4673-9734-A230081D496C}.Release|Any CPU.ActiveCfg = Release|Any CPU
		{6F07C12C-6046-4673-9734-A230081D496C}.Release|Any CPU.Build.0 = Release|Any CPU
	EndGlobalSection
	GlobalSection(SolutionProperties) = preSolution
		HideSolutionNode = FALSE
	EndGlobalSection
	GlobalSection(ExtensibilityGlobals) = postSolution
		SolutionGuid = {E607C2A7-BBEC-49AB-8B95-26DF529D182B}
	EndGlobalSection
EndGlobal
